// !$*UTF8*$!
{
	archiveVersion = 1;
	classes = {
	};
	objectVersion = 55;
	objects = {

/* Begin PBXBuildFile section */
		BB07CD282755C22F001D1620 /* DistinctSectionsViewController.swift in Sources */ = {isa = PBXBuildFile; fileRef = BB07CD272755C22F001D1620 /* DistinctSectionsViewController.swift */; };
		BB07CD2A2755D857001D1620 /* ListCell.swift in Sources */ = {isa = PBXBuildFile; fileRef = BB07CD292755D857001D1620 /* ListCell.swift */; };
		BB07CD2D2755FE3C001D1620 /* PinnedSectionHeaderFooterViewController.swift in Sources */ = {isa = PBXBuildFile; fileRef = BB07CD2C2755FE3C001D1620 /* PinnedSectionHeaderFooterViewController.swift */; };
		BB07CD2F27560164001D1620 /* TitleSupplementaryView.swift in Sources */ = {isa = PBXBuildFile; fileRef = BB07CD2E27560164001D1620 /* TitleSupplementaryView.swift */; };
		BB32DF5F274F7F2800A4924A /* DragAndDropViewController.swift in Sources */ = {isa = PBXBuildFile; fileRef = BB32DF5E274F7F2800A4924A /* DragAndDropViewController.swift */; };
		BB32DF62274FA7FD00A4924A /* DragAndDropModel.swift in Sources */ = {isa = PBXBuildFile; fileRef = BB32DF61274FA7FD00A4924A /* DragAndDropModel.swift */; };
		BB32DF64274FA84300A4924A /* DragAndDropCollectionViewCell.swift in Sources */ = {isa = PBXBuildFile; fileRef = BB32DF63274FA84300A4924A /* DragAndDropCollectionViewCell.swift */; };
		BB32DF66274FA86900A4924A /* DragAndDropViewModel.swift in Sources */ = {isa = PBXBuildFile; fileRef = BB32DF65274FA86900A4924A /* DragAndDropViewModel.swift */; };
		BB7D4AF82754CD0A00F59A49 /* TextCell.swift in Sources */ = {isa = PBXBuildFile; fileRef = BB7D4AF72754CD0A00F59A49 /* TextCell.swift */; };
		BB7D4AFB2754DE5500F59A49 /* TwoColumnViewController.swift in Sources */ = {isa = PBXBuildFile; fileRef = BB7D4AFA2754DE5500F59A49 /* TwoColumnViewController.swift */; };
		BB885C7327508D5500051881 /* UIColor+.swift in Sources */ = {isa = PBXBuildFile; fileRef = BB885C7227508D5500051881 /* UIColor+.swift */; };
		BBCE0740274E489E00223872 /* AppDelegate.swift in Sources */ = {isa = PBXBuildFile; fileRef = BBCE073F274E489E00223872 /* AppDelegate.swift */; };
		BBCE0742274E489E00223872 /* SceneDelegate.swift in Sources */ = {isa = PBXBuildFile; fileRef = BBCE0741274E489E00223872 /* SceneDelegate.swift */; };
		BBCE0747274E489E00223872 /* Main.storyboard in Resources */ = {isa = PBXBuildFile; fileRef = BBCE0745274E489E00223872 /* Main.storyboard */; };
		BBCE0749274E489E00223872 /* Assets.xcassets in Resources */ = {isa = PBXBuildFile; fileRef = BBCE0748274E489E00223872 /* Assets.xcassets */; };
		BBCE074C274E489E00223872 /* LaunchScreen.storyboard in Resources */ = {isa = PBXBuildFile; fileRef = BBCE074A274E489E00223872 /* LaunchScreen.storyboard */; };
		BBDB4FBE2754B753005A1D74 /* OutlineViewController.swift in Sources */ = {isa = PBXBuildFile; fileRef = BBDB4FBD2754B753005A1D74 /* OutlineViewController.swift */; };
		BBDB4FC12754C0EF005A1D74 /* GridViewController.swift in Sources */ = {isa = PBXBuildFile; fileRef = BBDB4FC02754C0EF005A1D74 /* GridViewController.swift */; };
/* End PBXBuildFile section */

/* Begin PBXFileReference section */
		BB07CD272755C22F001D1620 /* DistinctSectionsViewController.swift */ = {isa = PBXFileReference; lastKnownFileType = sourcecode.swift; path = DistinctSectionsViewController.swift; sourceTree = "<group>"; };
		BB07CD292755D857001D1620 /* ListCell.swift */ = {isa = PBXFileReference; lastKnownFileType = sourcecode.swift; path = ListCell.swift; sourceTree = "<group>"; };
		BB07CD2C2755FE3C001D1620 /* PinnedSectionHeaderFooterViewController.swift */ = {isa = PBXFileReference; lastKnownFileType = sourcecode.swift; path = PinnedSectionHeaderFooterViewController.swift; sourceTree = "<group>"; };
		BB07CD2E27560164001D1620 /* TitleSupplementaryView.swift */ = {isa = PBXFileReference; lastKnownFileType = sourcecode.swift; path = TitleSupplementaryView.swift; sourceTree = "<group>"; };
		BB32DF5E274F7F2800A4924A /* DragAndDropViewController.swift */ = {isa = PBXFileReference; lastKnownFileType = sourcecode.swift; path = DragAndDropViewController.swift; sourceTree = "<group>"; };
		BB32DF61274FA7FD00A4924A /* DragAndDropModel.swift */ = {isa = PBXFileReference; lastKnownFileType = sourcecode.swift; path = DragAndDropModel.swift; sourceTree = "<group>"; };
		BB32DF63274FA84300A4924A /* DragAndDropCollectionViewCell.swift */ = {isa = PBXFileReference; lastKnownFileType = sourcecode.swift; path = DragAndDropCollectionViewCell.swift; sourceTree = "<group>"; };
		BB32DF65274FA86900A4924A /* DragAndDropViewModel.swift */ = {isa = PBXFileReference; lastKnownFileType = sourcecode.swift; path = DragAndDropViewModel.swift; sourceTree = "<group>"; };
		BB7D4AF72754CD0A00F59A49 /* TextCell.swift */ = {isa = PBXFileReference; lastKnownFileType = sourcecode.swift; path = TextCell.swift; sourceTree = "<group>"; };
		BB7D4AFA2754DE5500F59A49 /* TwoColumnViewController.swift */ = {isa = PBXFileReference; lastKnownFileType = sourcecode.swift; path = TwoColumnViewController.swift; sourceTree = "<group>"; };
		BB885C7227508D5500051881 /* UIColor+.swift */ = {isa = PBXFileReference; lastKnownFileType = sourcecode.swift; path = "UIColor+.swift"; sourceTree = "<group>"; };
		BBCE073C274E489E00223872 /* CollectionDemo.app */ = {isa = PBXFileReference; explicitFileType = wrapper.application; includeInIndex = 0; path = CollectionDemo.app; sourceTree = BUILT_PRODUCTS_DIR; };
		BBCE073F274E489E00223872 /* AppDelegate.swift */ = {isa = PBXFileReference; lastKnownFileType = sourcecode.swift; path = AppDelegate.swift; sourceTree = "<group>"; };
		BBCE0741274E489E00223872 /* SceneDelegate.swift */ = {isa = PBXFileReference; lastKnownFileType = sourcecode.swift; path = SceneDelegate.swift; sourceTree = "<group>"; };
		BBCE0746274E489E00223872 /* Base */ = {isa = PBXFileReference; lastKnownFileType = file.storyboard; name = Base; path = Base.lproj/Main.storyboard; sourceTree = "<group>"; };
		BBCE0748274E489E00223872 /* Assets.xcassets */ = {isa = PBXFileReference; lastKnownFileType = folder.assetcatalog; path = Assets.xcassets; sourceTree = "<group>"; };
		BBCE074B274E489E00223872 /* Base */ = {isa = PBXFileReference; lastKnownFileType = file.storyboard; name = Base; path = Base.lproj/LaunchScreen.storyboard; sourceTree = "<group>"; };
		BBCE074D274E489E00223872 /* Info.plist */ = {isa = PBXFileReference; lastKnownFileType = text.plist.xml; path = Info.plist; sourceTree = "<group>"; };
		BBDB4FBD2754B753005A1D74 /* OutlineViewController.swift */ = {isa = PBXFileReference; lastKnownFileType = sourcecode.swift; path = OutlineViewController.swift; sourceTree = "<group>"; };
		BBDB4FC02754C0EF005A1D74 /* GridViewController.swift */ = {isa = PBXFileReference; lastKnownFileType = sourcecode.swift; path = GridViewController.swift; sourceTree = "<group>"; };
/* End PBXFileReference section */

/* Begin PBXFrameworksBuildPhase section */
		BBCE0739274E489E00223872 /* Frameworks */ = {
			isa = PBXFrameworksBuildPhase;
			buildActionMask = 2147483647;
			files = (
			);
			runOnlyForDeploymentPostprocessing = 0;
		};
/* End PBXFrameworksBuildPhase section */

/* Begin PBXGroup section */
		BB07CD262755C221001D1620 /* Per-Section Layout */ = {
			isa = PBXGroup;
			children = (
				BB07CD272755C22F001D1620 /* DistinctSectionsViewController.swift */,
			);
			path = "Per-Section Layout";
			sourceTree = "<group>";
		};
		BB07CD2B2755F769001D1620 /* PinnedSectionHeaderFooter */ = {
			isa = PBXGroup;
			children = (
				BB07CD2C2755FE3C001D1620 /* PinnedSectionHeaderFooterViewController.swift */,
			);
			path = PinnedSectionHeaderFooter;
			sourceTree = "<group>";
		};
		BB32DF60274FA7EA00A4924A /* DragAndDrop */ = {
			isa = PBXGroup;
			children = (
				BB32DF5E274F7F2800A4924A /* DragAndDropViewController.swift */,
				BB32DF61274FA7FD00A4924A /* DragAndDropModel.swift */,
				BB32DF63274FA84300A4924A /* DragAndDropCollectionViewCell.swift */,
				BB32DF65274FA86900A4924A /* DragAndDropViewModel.swift */,
			);
			path = DragAndDrop;
			sourceTree = "<group>";
		};
		BB7D4AF62754CCF900F59A49 /* Cells and Supplementary Views */ = {
			isa = PBXGroup;
			children = (
				BB7D4AF72754CD0A00F59A49 /* TextCell.swift */,
				BB07CD292755D857001D1620 /* ListCell.swift */,
				BB07CD2E27560164001D1620 /* TitleSupplementaryView.swift */,
			);
			path = "Cells and Supplementary Views";
			sourceTree = "<group>";
		};
		BB7D4AF92754DE3A00F59A49 /* Two-Column Grid */ = {
			isa = PBXGroup;
			children = (
				BB7D4AFA2754DE5500F59A49 /* TwoColumnViewController.swift */,
			);
			name = "Two-Column Grid";
			path = "CollectionDemo/CompositionalLayout/Two-Column Grid";
			sourceTree = SOURCE_ROOT;
		};
		BB885C7127508D4600051881 /* Extensions */ = {
			isa = PBXGroup;
			children = (
				BB885C7227508D5500051881 /* UIColor+.swift */,
			);
			path = Extensions;
			sourceTree = "<group>";
		};
		BBCE0733274E489E00223872 = {
			isa = PBXGroup;
			children = (
				BBCE073E274E489E00223872 /* CollectionDemo */,
				BBCE073D274E489E00223872 /* Products */,
			);
			sourceTree = "<group>";
		};
		BBCE073D274E489E00223872 /* Products */ = {
			isa = PBXGroup;
			children = (
				BBCE073C274E489E00223872 /* CollectionDemo.app */,
			);
			name = Products;
			sourceTree = "<group>";
		};
		BBCE073E274E489E00223872 /* CollectionDemo */ = {
			isa = PBXGroup;
			children = (
				BB885C7127508D4600051881 /* Extensions */,
				BBDB4FBA275488B3005A1D74 /* CompositionalLayout */,
				BB32DF60274FA7EA00A4924A /* DragAndDrop */,
				BBCE073F274E489E00223872 /* AppDelegate.swift */,
				BBCE0741274E489E00223872 /* SceneDelegate.swift */,
				BBDB4FBD2754B753005A1D74 /* OutlineViewController.swift */,
				BBCE0745274E489E00223872 /* Main.storyboard */,
				BBCE0748274E489E00223872 /* Assets.xcassets */,
				BBCE074A274E489E00223872 /* LaunchScreen.storyboard */,
				BBCE074D274E489E00223872 /* Info.plist */,
			);
			path = CollectionDemo;
			sourceTree = "<group>";
		};
		BBDB4FBA275488B3005A1D74 /* CompositionalLayout */ = {
			isa = PBXGroup;
			children = (
				BB07CD2B2755F769001D1620 /* PinnedSectionHeaderFooter */,
				BB07CD262755C221001D1620 /* Per-Section Layout */,
				BB7D4AF92754DE3A00F59A49 /* Two-Column Grid */,
				BB7D4AF62754CCF900F59A49 /* Cells and Supplementary Views */,
				BBDB4FBF2754C0E5005A1D74 /* Grid */,
			);
			path = CompositionalLayout;
			sourceTree = "<group>";
		};
		BBDB4FBF2754C0E5005A1D74 /* Grid */ = {
			isa = PBXGroup;
			children = (
				BBDB4FC02754C0EF005A1D74 /* GridViewController.swift */,
			);
			path = Grid;
			sourceTree = "<group>";
		};
/* End PBXGroup section */

/* Begin PBXNativeTarget section */
		BBCE073B274E489E00223872 /* CollectionDemo */ = {
			isa = PBXNativeTarget;
			buildConfigurationList = BBCE0750274E489E00223872 /* Build configuration list for PBXNativeTarget "CollectionDemo" */;
			buildPhases = (
				BBCE0738274E489E00223872 /* Sources */,
				BBCE0739274E489E00223872 /* Frameworks */,
				BBCE073A274E489E00223872 /* Resources */,
			);
			buildRules = (
			);
			dependencies = (
			);
			name = CollectionDemo;
			productName = CollectionDemo;
			productReference = BBCE073C274E489E00223872 /* CollectionDemo.app */;
			productType = "com.apple.product-type.application";
		};
/* End PBXNativeTarget section */

/* Begin PBXProject section */
		BBCE0734274E489E00223872 /* Project object */ = {
			isa = PBXProject;
			attributes = {
				BuildIndependentTargetsInParallel = 1;
				LastSwiftUpdateCheck = 1310;
				LastUpgradeCheck = 1310;
				TargetAttributes = {
					BBCE073B274E489E00223872 = {
						CreatedOnToolsVersion = 13.1;
					};
				};
			};
			buildConfigurationList = BBCE0737274E489E00223872 /* Build configuration list for PBXProject "CollectionDemo" */;
			compatibilityVersion = "Xcode 13.0";
			developmentRegion = en;
			hasScannedForEncodings = 0;
			knownRegions = (
				en,
				Base,
			);
			mainGroup = BBCE0733274E489E00223872;
			productRefGroup = BBCE073D274E489E00223872 /* Products */;
			projectDirPath = "";
			projectRoot = "";
			targets = (
				BBCE073B274E489E00223872 /* CollectionDemo */,
			);
		};
/* End PBXProject section */

/* Begin PBXResourcesBuildPhase section */
		BBCE073A274E489E00223872 /* Resources */ = {
			isa = PBXResourcesBuildPhase;
			buildActionMask = 2147483647;
			files = (
				BBCE074C274E489E00223872 /* LaunchScreen.storyboard in Resources */,
				BBCE0749274E489E00223872 /* Assets.xcassets in Resources */,
				BBCE0747274E489E00223872 /* Main.storyboard in Resources */,
			);
			runOnlyForDeploymentPostprocessing = 0;
		};
/* End PBXResourcesBuildPhase section */

/* Begin PBXSourcesBuildPhase section */
		BBCE0738274E489E00223872 /* Sources */ = {
			isa = PBXSourcesBuildPhase;
			buildActionMask = 2147483647;
			files = (
				BB07CD282755C22F001D1620 /* DistinctSectionsViewController.swift in Sources */,
				BB32DF62274FA7FD00A4924A /* DragAndDropModel.swift in Sources */,
				BB885C7327508D5500051881 /* UIColor+.swift in Sources */,
				BB7D4AFB2754DE5500F59A49 /* TwoColumnViewController.swift in Sources */,
				BB32DF66274FA86900A4924A /* DragAndDropViewModel.swift in Sources */,
				BB07CD2A2755D857001D1620 /* ListCell.swift in Sources */,
				BBDB4FBE2754B753005A1D74 /* OutlineViewController.swift in Sources */,
				BBDB4FC12754C0EF005A1D74 /* GridViewController.swift in Sources */,
				BBCE0740274E489E00223872 /* AppDelegate.swift in Sources */,
				BB07CD2F27560164001D1620 /* TitleSupplementaryView.swift in Sources */,
				BB32DF64274FA84300A4924A /* DragAndDropCollectionViewCell.swift in Sources */,
				BBCE0742274E489E00223872 /* SceneDelegate.swift in Sources */,
				BB32DF5F274F7F2800A4924A /* DragAndDropViewController.swift in Sources */,
				BB07CD2D2755FE3C001D1620 /* PinnedSectionHeaderFooterViewController.swift in Sources */,
				BB7D4AF82754CD0A00F59A49 /* TextCell.swift in Sources */,
			);
			runOnlyForDeploymentPostprocessing = 0;
		};
/* End PBXSourcesBuildPhase section */

/* Begin PBXVariantGroup section */
		BBCE0745274E489E00223872 /* Main.storyboard */ = {
			isa = PBXVariantGroup;
			children = (
				BBCE0746274E489E00223872 /* Base */,
			);
			name = Main.storyboard;
			sourceTree = "<group>";
		};
		BBCE074A274E489E00223872 /* LaunchScreen.storyboard */ = {
			isa = PBXVariantGroup;
			children = (
				BBCE074B274E489E00223872 /* Base */,
			);
			name = LaunchScreen.storyboard;
			sourceTree = "<group>";
		};
/* End PBXVariantGroup section */

/* Begin XCBuildConfiguration section */
		BBCE074E274E489E00223872 /* Debug */ = {
			isa = XCBuildConfiguration;
			buildSettings = {
				ALWAYS_SEARCH_USER_PATHS = NO;
				CLANG_ANALYZER_NONNULL = YES;
				CLANG_ANALYZER_NUMBER_OBJECT_CONVERSION = YES_AGGRESSIVE;
				CLANG_CXX_LANGUAGE_STANDARD = "gnu++17";
				CLANG_CXX_LIBRARY = "libc++";
				CLANG_ENABLE_MODULES = YES;
				CLANG_ENABLE_OBJC_ARC = YES;
				CLANG_ENABLE_OBJC_WEAK = YES;
				CLANG_WARN_BLOCK_CAPTURE_AUTORELEASING = YES;
				CLANG_WARN_BOOL_CONVERSION = YES;
				CLANG_WARN_COMMA = YES;
				CLANG_WARN_CONSTANT_CONVERSION = YES;
				CLANG_WARN_DEPRECATED_OBJC_IMPLEMENTATIONS = YES;
				CLANG_WARN_DIRECT_OBJC_ISA_USAGE = YES_ERROR;
				CLANG_WARN_DOCUMENTATION_COMMENTS = YES;
				CLANG_WARN_EMPTY_BODY = YES;
				CLANG_WARN_ENUM_CONVERSION = YES;
				CLANG_WARN_INFINITE_RECURSION = YES;
				CLANG_WARN_INT_CONVERSION = YES;
				CLANG_WARN_NON_LITERAL_NULL_CONVERSION = YES;
				CLANG_WARN_OBJC_IMPLICIT_RETAIN_SELF = YES;
				CLANG_WARN_OBJC_LITERAL_CONVERSION = YES;
				CLANG_WARN_OBJC_ROOT_CLASS = YES_ERROR;
				CLANG_WARN_QUOTED_INCLUDE_IN_FRAMEWORK_HEADER = YES;
				CLANG_WARN_RANGE_LOOP_ANALYSIS = YES;
				CLANG_WARN_STRICT_PROTOTYPES = YES;
				CLANG_WARN_SUSPICIOUS_MOVE = YES;
				CLANG_WARN_UNGUARDED_AVAILABILITY = YES_AGGRESSIVE;
				CLANG_WARN_UNREACHABLE_CODE = YES;
				CLANG_WARN__DUPLICATE_METHOD_MATCH = YES;
				COPY_PHASE_STRIP = NO;
				DEBUG_INFORMATION_FORMAT = dwarf;
				ENABLE_STRICT_OBJC_MSGSEND = YES;
				ENABLE_TESTABILITY = YES;
				GCC_C_LANGUAGE_STANDARD = gnu11;
				GCC_DYNAMIC_NO_PIC = NO;
				GCC_NO_COMMON_BLOCKS = YES;
				GCC_OPTIMIZATION_LEVEL = 0;
				GCC_PREPROCESSOR_DEFINITIONS = (
					"DEBUG=1",
					"$(inherited)",
				);
				GCC_WARN_64_TO_32_BIT_CONVERSION = YES;
				GCC_WARN_ABOUT_RETURN_TYPE = YES_ERROR;
				GCC_WARN_UNDECLARED_SELECTOR = YES;
				GCC_WARN_UNINITIALIZED_AUTOS = YES_AGGRESSIVE;
				GCC_WARN_UNUSED_FUNCTION = YES;
				GCC_WARN_UNUSED_VARIABLE = YES;
				IPHONEOS_DEPLOYMENT_TARGET = 15.0;
				MTL_ENABLE_DEBUG_INFO = INCLUDE_SOURCE;
				MTL_FAST_MATH = YES;
				ONLY_ACTIVE_ARCH = YES;
				SDKROOT = iphoneos;
				SWIFT_ACTIVE_COMPILATION_CONDITIONS = DEBUG;
				SWIFT_OPTIMIZATION_LEVEL = "-Onone";
			};
			name = Debug;
		};
		BBCE074F274E489E00223872 /* Release */ = {
			isa = XCBuildConfiguration;
			buildSettings = {
				ALWAYS_SEARCH_USER_PATHS = NO;
				CLANG_ANALYZER_NONNULL = YES;
				CLANG_ANALYZER_NUMBER_OBJECT_CONVERSION = YES_AGGRESSIVE;
				CLANG_CXX_LANGUAGE_STANDARD = "gnu++17";
				CLANG_CXX_LIBRARY = "libc++";
				CLANG_ENABLE_MODULES = YES;
				CLANG_ENABLE_OBJC_ARC = YES;
				CLANG_ENABLE_OBJC_WEAK = YES;
				CLANG_WARN_BLOCK_CAPTURE_AUTORELEASING = YES;
				CLANG_WARN_BOOL_CONVERSION = YES;
				CLANG_WARN_COMMA = YES;
				CLANG_WARN_CONSTANT_CONVERSION = YES;
				CLANG_WARN_DEPRECATED_OBJC_IMPLEMENTATIONS = YES;
				CLANG_WARN_DIRECT_OBJC_ISA_USAGE = YES_ERROR;
				CLANG_WARN_DOCUMENTATION_COMMENTS = YES;
				CLANG_WARN_EMPTY_BODY = YES;
				CLANG_WARN_ENUM_CONVERSION = YES;
				CLANG_WARN_INFINITE_RECURSION = YES;
				CLANG_WARN_INT_CONVERSION = YES;
				CLANG_WARN_NON_LITERAL_NULL_CONVERSION = YES;
				CLANG_WARN_OBJC_IMPLICIT_RETAIN_SELF = YES;
				CLANG_WARN_OBJC_LITERAL_CONVERSION = YES;
				CLANG_WARN_OBJC_ROOT_CLASS = YES_ERROR;
				CLANG_WARN_QUOTED_INCLUDE_IN_FRAMEWORK_HEADER = YES;
				CLANG_WARN_RANGE_LOOP_ANALYSIS = YES;
				CLANG_WARN_STRICT_PROTOTYPES = YES;
				CLANG_WARN_SUSPICIOUS_MOVE = YES;
				CLANG_WARN_UNGUARDED_AVAILABILITY = YES_AGGRESSIVE;
				CLANG_WARN_UNREACHABLE_CODE = YES;
				CLANG_WARN__DUPLICATE_METHOD_MATCH = YES;
				COPY_PHASE_STRIP = NO;
				DEBUG_INFORMATION_FORMAT = "dwarf-with-dsym";
				ENABLE_NS_ASSERTIONS = NO;
				ENABLE_STRICT_OBJC_MSGSEND = YES;
				GCC_C_LANGUAGE_STANDARD = gnu11;
				GCC_NO_COMMON_BLOCKS = YES;
				GCC_WARN_64_TO_32_BIT_CONVERSION = YES;
				GCC_WARN_ABOUT_RETURN_TYPE = YES_ERROR;
				GCC_WARN_UNDECLARED_SELECTOR = YES;
				GCC_WARN_UNINITIALIZED_AUTOS = YES_AGGRESSIVE;
				GCC_WARN_UNUSED_FUNCTION = YES;
				GCC_WARN_UNUSED_VARIABLE = YES;
				IPHONEOS_DEPLOYMENT_TARGET = 15.0;
				MTL_ENABLE_DEBUG_INFO = NO;
				MTL_FAST_MATH = YES;
				SDKROOT = iphoneos;
				SWIFT_COMPILATION_MODE = wholemodule;
				SWIFT_OPTIMIZATION_LEVEL = "-O";
				VALIDATE_PRODUCT = YES;
			};
			name = Release;
		};
		BBCE0751274E489E00223872 /* Debug */ = {
			isa = XCBuildConfiguration;
			buildSettings = {
				ASSETCATALOG_COMPILER_APPICON_NAME = AppIcon;
				ASSETCATALOG_COMPILER_GLOBAL_ACCENT_COLOR_NAME = AccentColor;
				CODE_SIGN_IDENTITY = "Apple Development";
				CODE_SIGN_STYLE = Automatic;
				CURRENT_PROJECT_VERSION = 1;
				DEVELOPMENT_TEAM = "";
				GENERATE_INFOPLIST_FILE = YES;
				INFOPLIST_FILE = CollectionDemo/Info.plist;
				INFOPLIST_KEY_UIApplicationSupportsIndirectInputEvents = YES;
				INFOPLIST_KEY_UILaunchStoryboardName = LaunchScreen;
				INFOPLIST_KEY_UISupportedInterfaceOrientations_iPad = "UIInterfaceOrientationPortrait UIInterfaceOrientationPortraitUpsideDown UIInterfaceOrientationLandscapeLeft UIInterfaceOrientationLandscapeRight";
				INFOPLIST_KEY_UISupportedInterfaceOrientations_iPhone = "UIInterfaceOrientationPortrait UIInterfaceOrientationLandscapeLeft UIInterfaceOrientationLandscapeRight";
				LD_RUNPATH_SEARCH_PATHS = (
					"$(inherited)",
					"@executable_path/Frameworks",
				);
				MARKETING_VERSION = 1.0;
				PRODUCT_BUNDLE_IDENTIFIER = com.freyer.yang.CollectionDemo;
				PRODUCT_NAME = "$(TARGET_NAME)";
				PROVISIONING_PROFILE_SPECIFIER = "";
				SWIFT_EMIT_LOC_STRINGS = YES;
				SWIFT_VERSION = 5.0;
				TARGETED_DEVICE_FAMILY = "1,2";
			};
			name = Debug;
		};
		BBCE0752274E489E00223872 /* Release */ = {
			isa = XCBuildConfiguration;
			buildSettings = {
				ASSETCATALOG_COMPILER_APPICON_NAME = AppIcon;
				ASSETCATALOG_COMPILER_GLOBAL_ACCENT_COLOR_NAME = AccentColor;
				CODE_SIGN_IDENTITY = "Apple Development";
				CODE_SIGN_STYLE = Automatic;
				CURRENT_PROJECT_VERSION = 1;
				DEVELOPMENT_TEAM = "";
				GENERATE_INFOPLIST_FILE = YES;
				INFOPLIST_FILE = CollectionDemo/Info.plist;
				INFOPLIST_KEY_UIApplicationSupportsIndirectInputEvents = YES;
				INFOPLIST_KEY_UILaunchStoryboardName = LaunchScreen;
				INFOPLIST_KEY_UISupportedInterfaceOrientations_iPad = "UIInterfaceOrientationPortrait UIInterfaceOrientationPortraitUpsideDown UIInterfaceOrientationLandscapeLeft UIInterfaceOrientationLandscapeRight";
				INFOPLIST_KEY_UISupportedInterfaceOrientations_iPhone = "UIInterfaceOrientationPortrait UIInterfaceOrientationLandscapeLeft UIInterfaceOrientationLandscapeRight";
				LD_RUNPATH_SEARCH_PATHS = (
					"$(inherited)",
					"@executable_path/Frameworks",
				);
				MARKETING_VERSION = 1.0;
				PRODUCT_BUNDLE_IDENTIFIER = com.freyer.yang.CollectionDemo;
				PRODUCT_NAME = "$(TARGET_NAME)";
				PROVISIONING_PROFILE_SPECIFIER = "";
				SWIFT_EMIT_LOC_STRINGS = YES;
				SWIFT_VERSION = 5.0;
				TARGETED_DEVICE_FAMILY = "1,2";
			};
			name = Release;
		};
/* End XCBuildConfiguration section */

/* Begin XCConfigurationList section */
		BBCE0737274E489E00223872 /* Build configuration list for PBXProject "CollectionDemo" */ = {
			isa = XCConfigurationList;
			buildConfigurations = (
				BBCE074E274E489E00223872 /* Debug */,
				BBCE074F274E489E00223872 /* Release */,
			);
			defaultConfigurationIsVisible = 0;
			defaultConfigurationName = Release;
		};
		BBCE0750274E489E00223872 /* Build configuration list for PBXNativeTarget "CollectionDemo" */ = {
			isa = XCConfigurationList;
			buildConfigurations = (
				BBCE0751274E489E00223872 /* Debug */,
				BBCE0752274E489E00223872 /* Release */,
			);
			defaultConfigurationIsVisible = 0;
			defaultConfigurationName = Release;
		};
/* End XCConfigurationList section */
	};
	rootObject = BBCE0734274E489E00223872 /* Project object */;
}
